
Microsoft Visual Studio Solution File, Format Version 12.00
# Visual Studio Version 17
VisualStudioVersion = 17.0.32126.317
MinimumVisualStudioVersion = 10.0.40219.1
Project("{FAE04EC0-301F-11D3-BF4B-00C04F79EFBC}") = "StudentCRUD", "StudentCRUD\StudentCRUD.csproj", "{C74D9EA0-38C8-4A9F-8E16-D2CFF8427508}"
EndProject
Global
	GlobalSection(SolutionConfigurationPlatforms) = preSolution
		Debug|Any CPU = Debug|Any CPU
		Release|Any CPU = Release|Any CPU
	EndGlobalSection
	GlobalSection(ProjectConfigurationPlatforms) = postSolution
		{C74D9EA0-38C8-4A9F-8E16-D2CFF8427508}.Debug|Any CPU.ActiveCfg = Debug|Any CPU
		{C74D9EA0-38C8-4A9F-8E16-D2CFF8427508}.Debug|Any CPU.Build.0 = Debug|Any CPU
		{C74D9EA0-38C8-4A9F-8E16-D2CFF8427508}.Release|Any CPU.ActiveCfg = Release|Any CPU
		{C74D9EA0-38C8-4A9F-8E16-D2CFF8427508}.Release|Any CPU.Build.0 = Release|Any CPU
	EndGlobalSection
	GlobalSection(SolutionProperties) = preSolution
		HideSolutionNode = FALSE
	EndGlobalSection
	GlobalSection(ExtensibilityGlobals) = postSolution
		SolutionGuid = {AFEE4913-01CD-49B2-9A15-F4852A6D06BD}
	EndGlobalSection
EndGlobal
